
Microsoft Visual Studio Solution File, Format Version 12.00
# Visual Studio Version 16
VisualStudioVersion = 16.0.29020.237
MinimumVisualStudioVersion = 10.0.40219.1
Project("{FAE04EC0-301F-11D3-BF4B-00C04F79EFBC}") = "NHS-Number-Generator-And-Validator", "NHS-Number-Generator-And-Validator\NHS-Number-Generator-And-Validator.csproj", "{9DE4AD22-4B71-4D3B-9C10-58048ED8562A}"
EndProject
Global
	GlobalSection(SolutionConfigurationPlatforms) = preSolution
		Debug|Any CPU = Debug|Any CPU
		Release|Any CPU = Release|Any CPU
	EndGlobalSection
	GlobalSection(ProjectConfigurationPlatforms) = postSolution
		{9DE4AD22-4B71-4D3B-9C10-58048ED8562A}.Debug|Any CPU.ActiveCfg = Debug|Any CPU
		{9DE4AD22-4B71-4D3B-9C10-58048ED8562A}.Debug|Any CPU.Build.0 = Debug|Any CPU
		{9DE4AD22-4B71-4D3B-9C10-58048ED8562A}.Release|Any CPU.ActiveCfg = Release|Any CPU
		{9DE4AD22-4B71-4D3B-9C10-58048ED8562A}.Release|Any CPU.Build.0 = Release|Any CPU
	EndGlobalSection
	GlobalSection(SolutionProperties) = preSolution
		HideSolutionNode = FALSE
	EndGlobalSection
	GlobalSection(ExtensibilityGlobals) = postSolution
		SolutionGuid = {06A85415-B4D0-4537-B3F4-031B63CAA366}
	EndGlobalSection
EndGlobal
